<Solution>
  <Configurations>
    <Platform Name="x64" />
  </Configurations>
  <Project Path="CraftEngine/CraftEngine.vcxproj" Id="e9e1305d-6f32-4d39-94c6-b263ffbd3cb9" />
  <Project Path="Game/Game.vcxproj" Id="56cdc6f0-d8e8-4732-a5c2-2b3c12cc9bdc">
    <BuildDependency Project="CraftEngine/CraftEngine.vcxproj" />
  </Project>
  <Project Path="PEACEMAKER/PEACEMAKER.vcxproj" Id="51c2e28b-5bae-41f3-8e60-7fe69a2b3f2a" />
  <Project Path="Project_SKDefense/Project_SKDefense.vcxproj" Id="c2595c77-b436-4cfc-a329-a64b199713fc" />
  <Project Path="ShootingGame/ShootingGame.vcxproj" Id="50ba7d47-16d1-4db8-84bf-b91f2d204ff6" />
</Solution>
